
Microsoft Visual Studio Solution File, Format Version 12.00
# Visual Studio Version 17
VisualStudioVersion = 17.9.34701.34
MinimumVisualStudioVersion = 10.0.40219.1
Project("{FAE04EC0-301F-11D3-BF4B-00C04F79EFBC}") = "H5ServerSide_ToDoList", "H5ServerSide_ToDoList.csproj", "{B58507A8-545D-4EAC-8FAB-81FC7B323A9B}"
EndProject
Global
	GlobalSection(SolutionConfigurationPlatforms) = preSolution
		Debug|Any CPU = Debug|Any CPU
		Release|Any CPU = Release|Any CPU
	EndGlobalSection
	GlobalSection(ProjectConfigurationPlatforms) = postSolution
		{B58507A8-545D-4EAC-8FAB-81FC7B323A9B}.Debug|Any CPU.ActiveCfg = Debug|Any CPU
		{B58507A8-545D-4EAC-8FAB-81FC7B323A9B}.Debug|Any CPU.Build.0 = Debug|Any CPU
		{B58507A8-545D-4EAC-8FAB-81FC7B323A9B}.Release|Any CPU.ActiveCfg = Release|Any CPU
		{B58507A8-545D-4EAC-8FAB-81FC7B323A9B}.Release|Any CPU.Build.0 = Release|Any CPU
	EndGlobalSection
	GlobalSection(SolutionProperties) = preSolution
		HideSolutionNode = FALSE
	EndGlobalSection
	GlobalSection(ExtensibilityGlobals) = postSolution
		SolutionGuid = {7259DB20-5280-4568-AC51-0C778E52CE05}
	EndGlobalSection
EndGlobal
